
Microsoft Visual Studio Solution File, Format Version 12.00
# Visual Studio Version 17
VisualStudioVersion = 17.11.35312.102
MinimumVisualStudioVersion = 10.0.40219.1
Project("{9A19103F-16F7-4668-BE54-9A1E7A4F7556}") = "NutritionBalance.AppHost", "NutritionBalance.AppHost\NutritionBalance.AppHost.csproj", "{6D0FEB79-AD09-455B-B0A7-BAF19ADAB277}"
EndProject
Project("{9A19103F-16F7-4668-BE54-9A1E7A4F7556}") = "NutritionBalance.ServiceDefaults", "NutritionBalance.ServiceDefaults\NutritionBalance.ServiceDefaults.csproj", "{73B7A1AE-5391-4DE3-B70B-9B0FF6AAF2AE}"
EndProject
Project("{2150E333-8FDC-42A3-9474-1A3956D46DE8}") = "AuthorisationService", "AuthorisationService", "{7E10F0C6-2778-48CA-92B9-A1BC341187D4}"
EndProject
Project("{9A19103F-16F7-4668-BE54-9A1E7A4F7556}") = "AuthorisationService.API", "AuthorisationService\AuthorisationService.API\AuthorisationService.API.csproj", "{626403CC-A160-4F22-9281-CFDCF2D4F5F9}"
EndProject
Project("{9A19103F-16F7-4668-BE54-9A1E7A4F7556}") = "AuthorisationService.Application", "AuthorisationService\AuthorisationService.Application\AuthorisationService.Application.csproj", "{D8179352-E8A5-4700-89E6-5DFE998E4DDB}"
EndProject
Project("{9A19103F-16F7-4668-BE54-9A1E7A4F7556}") = "AuthorisationService.Domain", "AuthorisationService\AuthorisationService.Domain\AuthorisationService.Domain.csproj", "{E8CB0DB4-5D65-4285-8AB4-DCBB3606085D}"
EndProject
Project("{9A19103F-16F7-4668-BE54-9A1E7A4F7556}") = "AuthorisationService.Infrastructure", "AuthorisationService\AuthorisationService.Infrastructure\AuthorisationService.Infrastructure.csproj", "{68694A9B-B97E-4D2A-9EB6-A8C146BF9C01}"
EndProject
Project("{9A19103F-16F7-4668-BE54-9A1E7A4F7556}") = "NutritionBalance.ApiGateway", "NutritionBalance.ApiGateway\NutritionBalance.ApiGateway.csproj", "{B2955BF9-CABC-4A0A-870E-652AD18C7434}"
EndProject
Project("{2150E333-8FDC-42A3-9474-1A3956D46DE8}") = "MealPlanService", "MealPlanService", "{15DA2E9D-E089-488B-95AE-DD99E4F0C9AF}"
EndProject
Project("{9A19103F-16F7-4668-BE54-9A1E7A4F7556}") = "MealPlanService.API", "MealPlanService\MealPlanService.API\MealPlanService.API.csproj", "{599E836F-DE76-4559-B069-96E375CAC619}"
EndProject
Project("{9A19103F-16F7-4668-BE54-9A1E7A4F7556}") = "MealPlanService.Domain", "MealPlanService\MealPlanService.Domain\MealPlanService.Domain.csproj", "{2D6752FC-5D85-462A-86DB-A8B35FC0BC1B}"
EndProject
Project("{9A19103F-16F7-4668-BE54-9A1E7A4F7556}") = "MealPlanService.Application", "MealPlanService\MealPlanService.Application\MealPlanService.Application.csproj", "{6817958D-76EB-4803-AD30-176BA18DC5A4}"
EndProject
Project("{9A19103F-16F7-4668-BE54-9A1E7A4F7556}") = "MealPlanService.Infrastructure", "MealPlanService\MealPlanService.Infrastructure\MealPlanService.Infrastructure.csproj", "{39DA54FF-4411-4C53-A9BC-547FE3F5F767}"
EndProject
Project("{2150E333-8FDC-42A3-9474-1A3956D46DE8}") = "UserProfileService", "UserProfileService", "{4259AF66-6DB1-4A0C-8C8E-68D5FE81A18E}"
EndProject
Project("{9A19103F-16F7-4668-BE54-9A1E7A4F7556}") = "UserProfileService.API", "UserProfileService\UserProfileService.API\UserProfileService.API.csproj", "{F2206A40-623F-4354-B9DC-695FC78ADA9A}"
EndProject
Project("{9A19103F-16F7-4668-BE54-9A1E7A4F7556}") = "UserProfileService.Application", "UserProfileService\UserProfileService.Application\UserProfileService.Application.csproj", "{75A0F6F7-D77B-4942-B264-BFF87500898A}"
EndProject
Project("{9A19103F-16F7-4668-BE54-9A1E7A4F7556}") = "UserProfileService.Domain", "UserProfileService\UserProfileService.Domain\UserProfileService.Domain.csproj", "{4C6511E5-7D50-4389-AC27-BBC783DBA295}"
EndProject
Project("{9A19103F-16F7-4668-BE54-9A1E7A4F7556}") = "UserProfileService.Infrastructure", "UserProfileService\UserProfileService.Infrastructure\UserProfileService.Infrastructure.csproj", "{AD9D2521-5BF8-4939-9BC4-47AF37171F42}"
EndProject
Project("{54A90642-561A-4BB1-A94E-469ADEE60C69}") = "NutritionBalance.Client", "NutritionBalance.Client\NutritionBalance.Client.esproj", "{231F635F-ADD9-4F03-A4F8-0C36FE39BA08}"
EndProject
Global
	GlobalSection(SolutionConfigurationPlatforms) = preSolution
		Debug|Any CPU = Debug|Any CPU
		Release|Any CPU = Release|Any CPU
	EndGlobalSection
	GlobalSection(ProjectConfigurationPlatforms) = postSolution
		{6D0FEB79-AD09-455B-B0A7-BAF19ADAB277}.Debug|Any CPU.ActiveCfg = Debug|Any CPU
		{6D0FEB79-AD09-455B-B0A7-BAF19ADAB277}.Debug|Any CPU.Build.0 = Debug|Any CPU
		{6D0FEB79-AD09-455B-B0A7-BAF19ADAB277}.Release|Any CPU.ActiveCfg = Release|Any CPU
		{6D0FEB79-AD09-455B-B0A7-BAF19ADAB277}.Release|Any CPU.Build.0 = Release|Any CPU
		{73B7A1AE-5391-4DE3-B70B-9B0FF6AAF2AE}.Debug|Any CPU.ActiveCfg = Debug|Any CPU
		{73B7A1AE-5391-4DE3-B70B-9B0FF6AAF2AE}.Debug|Any CPU.Build.0 = Debug|Any CPU
		{73B7A1AE-5391-4DE3-B70B-9B0FF6AAF2AE}.Release|Any CPU.ActiveCfg = Release|Any CPU
		{73B7A1AE-5391-4DE3-B70B-9B0FF6AAF2AE}.Release|Any CPU.Build.0 = Release|Any CPU
		{626403CC-A160-4F22-9281-CFDCF2D4F5F9}.Debug|Any CPU.ActiveCfg = Debug|Any CPU
		{626403CC-A160-4F22-9281-CFDCF2D4F5F9}.Debug|Any CPU.Build.0 = Debug|Any CPU
		{626403CC-A160-4F22-9281-CFDCF2D4F5F9}.Release|Any CPU.ActiveCfg = Release|Any CPU
		{626403CC-A160-4F22-9281-CFDCF2D4F5F9}.Release|Any CPU.Build.0 = Release|Any CPU
		{D8179352-E8A5-4700-89E6-5DFE998E4DDB}.Debug|Any CPU.ActiveCfg = Debug|Any CPU
		{D8179352-E8A5-4700-89E6-5DFE998E4DDB}.Debug|Any CPU.Build.0 = Debug|Any CPU
		{D8179352-E8A5-4700-89E6-5DFE998E4DDB}.Release|Any CPU.ActiveCfg = Release|Any CPU
		{D8179352-E8A5-4700-89E6-5DFE998E4DDB}.Release|Any CPU.Build.0 = Release|Any CPU
		{E8CB0DB4-5D65-4285-8AB4-DCBB3606085D}.Debug|Any CPU.ActiveCfg = Debug|Any CPU
		{E8CB0DB4-5D65-4285-8AB4-DCBB3606085D}.Debug|Any CPU.Build.0 = Debug|Any CPU
		{E8CB0DB4-5D65-4285-8AB4-DCBB3606085D}.Release|Any CPU.ActiveCfg = Release|Any CPU
		{E8CB0DB4-5D65-4285-8AB4-DCBB3606085D}.Release|Any CPU.Build.0 = Release|Any CPU
		{68694A9B-B97E-4D2A-9EB6-A8C146BF9C01}.Debug|Any CPU.ActiveCfg = Debug|Any CPU
		{68694A9B-B97E-4D2A-9EB6-A8C146BF9C01}.Debug|Any CPU.Build.0 = Debug|Any CPU
		{68694A9B-B97E-4D2A-9EB6-A8C146BF9C01}.Release|Any CPU.ActiveCfg = Release|Any CPU
		{68694A9B-B97E-4D2A-9EB6-A8C146BF9C01}.Release|Any CPU.Build.0 = Release|Any CPU
		{B2955BF9-CABC-4A0A-870E-652AD18C7434}.Debug|Any CPU.ActiveCfg = Debug|Any CPU
		{B2955BF9-CABC-4A0A-870E-652AD18C7434}.Debug|Any CPU.Build.0 = Debug|Any CPU
		{B2955BF9-CABC-4A0A-870E-652AD18C7434}.Release|Any CPU.ActiveCfg = Release|Any CPU
		{B2955BF9-CABC-4A0A-870E-652AD18C7434}.Release|Any CPU.Build.0 = Release|Any CPU
		{599E836F-DE76-4559-B069-96E375CAC619}.Debug|Any CPU.ActiveCfg = Debug|Any CPU
		{599E836F-DE76-4559-B069-96E375CAC619}.Debug|Any CPU.Build.0 = Debug|Any CPU
		{599E836F-DE76-4559-B069-96E375CAC619}.Release|Any CPU.ActiveCfg = Release|Any CPU
		{599E836F-DE76-4559-B069-96E375CAC619}.Release|Any CPU.Build.0 = Release|Any CPU
		{2D6752FC-5D85-462A-86DB-A8B35FC0BC1B}.Debug|Any CPU.ActiveCfg = Debug|Any CPU
		{2D6752FC-5D85-462A-86DB-A8B35FC0BC1B}.Debug|Any CPU.Build.0 = Debug|Any CPU
		{2D6752FC-5D85-462A-86DB-A8B35FC0BC1B}.Release|Any CPU.ActiveCfg = Release|Any CPU
		{2D6752FC-5D85-462A-86DB-A8B35FC0BC1B}.Release|Any CPU.Build.0 = Release|Any CPU
		{6817958D-76EB-4803-AD30-176BA18DC5A4}.Debug|Any CPU.ActiveCfg = Debug|Any CPU
		{6817958D-76EB-4803-AD30-176BA18DC5A4}.Debug|Any CPU.Build.0 = Debug|Any CPU
		{6817958D-76EB-4803-AD30-176BA18DC5A4}.Release|Any CPU.ActiveCfg = Release|Any CPU
		{6817958D-76EB-4803-AD30-176BA18DC5A4}.Release|Any CPU.Build.0 = Release|Any CPU
		{39DA54FF-4411-4C53-A9BC-547FE3F5F767}.Debug|Any CPU.ActiveCfg = Debug|Any CPU
		{39DA54FF-4411-4C53-A9BC-547FE3F5F767}.Debug|Any CPU.Build.0 = Debug|Any CPU
		{39DA54FF-4411-4C53-A9BC-547FE3F5F767}.Release|Any CPU.ActiveCfg = Release|Any CPU
		{39DA54FF-4411-4C53-A9BC-547FE3F5F767}.Release|Any CPU.Build.0 = Release|Any CPU
		{F2206A40-623F-4354-B9DC-695FC78ADA9A}.Debug|Any CPU.ActiveCfg = Debug|Any CPU
		{F2206A40-623F-4354-B9DC-695FC78ADA9A}.Debug|Any CPU.Build.0 = Debug|Any CPU
		{F2206A40-623F-4354-B9DC-695FC78ADA9A}.Release|Any CPU.ActiveCfg = Release|Any CPU
		{F2206A40-623F-4354-B9DC-695FC78ADA9A}.Release|Any CPU.Build.0 = Release|Any CPU
		{75A0F6F7-D77B-4942-B264-BFF87500898A}.Debug|Any CPU.ActiveCfg = Debug|Any CPU
		{75A0F6F7-D77B-4942-B264-BFF87500898A}.Debug|Any CPU.Build.0 = Debug|Any CPU
		{75A0F6F7-D77B-4942-B264-BFF87500898A}.Release|Any CPU.ActiveCfg = Release|Any CPU
		{75A0F6F7-D77B-4942-B264-BFF87500898A}.Release|Any CPU.Build.0 = Release|Any CPU
		{4C6511E5-7D50-4389-AC27-BBC783DBA295}.Debug|Any CPU.ActiveCfg = Debug|Any CPU
		{4C6511E5-7D50-4389-AC27-BBC783DBA295}.Debug|Any CPU.Build.0 = Debug|Any CPU
		{4C6511E5-7D50-4389-AC27-BBC783DBA295}.Release|Any CPU.ActiveCfg = Release|Any CPU
		{4C6511E5-7D50-4389-AC27-BBC783DBA295}.Release|Any CPU.Build.0 = Release|Any CPU
		{AD9D2521-5BF8-4939-9BC4-47AF37171F42}.Debug|Any CPU.ActiveCfg = Debug|Any CPU
		{AD9D2521-5BF8-4939-9BC4-47AF37171F42}.Debug|Any CPU.Build.0 = Debug|Any CPU
		{AD9D2521-5BF8-4939-9BC4-47AF37171F42}.Release|Any CPU.ActiveCfg = Release|Any CPU
		{AD9D2521-5BF8-4939-9BC4-47AF37171F42}.Release|Any CPU.Build.0 = Release|Any CPU
		{231F635F-ADD9-4F03-A4F8-0C36FE39BA08}.Debug|Any CPU.ActiveCfg = Debug|Any CPU
		{231F635F-ADD9-4F03-A4F8-0C36FE39BA08}.Debug|Any CPU.Build.0 = Debug|Any CPU
		{231F635F-ADD9-4F03-A4F8-0C36FE39BA08}.Debug|Any CPU.Deploy.0 = Debug|Any CPU
		{231F635F-ADD9-4F03-A4F8-0C36FE39BA08}.Release|Any CPU.ActiveCfg = Release|Any CPU
		{231F635F-ADD9-4F03-A4F8-0C36FE39BA08}.Release|Any CPU.Build.0 = Release|Any CPU
		{231F635F-ADD9-4F03-A4F8-0C36FE39BA08}.Release|Any CPU.Deploy.0 = Release|Any CPU
	EndGlobalSection
	GlobalSection(SolutionProperties) = preSolution
		HideSolutionNode = FALSE
	EndGlobalSection
	GlobalSection(NestedProjects) = preSolution
		{626403CC-A160-4F22-9281-CFDCF2D4F5F9} = {7E10F0C6-2778-48CA-92B9-A1BC341187D4}
		{D8179352-E8A5-4700-89E6-5DFE998E4DDB} = {7E10F0C6-2778-48CA-92B9-A1BC341187D4}
		{E8CB0DB4-5D65-4285-8AB4-DCBB3606085D} = {7E10F0C6-2778-48CA-92B9-A1BC341187D4}
		{68694A9B-B97E-4D2A-9EB6-A8C146BF9C01} = {7E10F0C6-2778-48CA-92B9-A1BC341187D4}
		{599E836F-DE76-4559-B069-96E375CAC619} = {15DA2E9D-E089-488B-95AE-DD99E4F0C9AF}
		{2D6752FC-5D85-462A-86DB-A8B35FC0BC1B} = {15DA2E9D-E089-488B-95AE-DD99E4F0C9AF}
		{6817958D-76EB-4803-AD30-176BA18DC5A4} = {15DA2E9D-E089-488B-95AE-DD99E4F0C9AF}
		{39DA54FF-4411-4C53-A9BC-547FE3F5F767} = {15DA2E9D-E089-488B-95AE-DD99E4F0C9AF}
		{F2206A40-623F-4354-B9DC-695FC78ADA9A} = {4259AF66-6DB1-4A0C-8C8E-68D5FE81A18E}
		{75A0F6F7-D77B-4942-B264-BFF87500898A} = {4259AF66-6DB1-4A0C-8C8E-68D5FE81A18E}
		{4C6511E5-7D50-4389-AC27-BBC783DBA295} = {4259AF66-6DB1-4A0C-8C8E-68D5FE81A18E}
		{AD9D2521-5BF8-4939-9BC4-47AF37171F42} = {4259AF66-6DB1-4A0C-8C8E-68D5FE81A18E}
	EndGlobalSection
	GlobalSection(ExtensibilityGlobals) = postSolution
		SolutionGuid = {08D86789-9E31-483B-BCCD-D642800C2500}
	EndGlobalSection
EndGlobal
